
Microsoft Visual Studio Solution File, Format Version 12.00
# Visual Studio Version 16
VisualStudioVersion = 16.0.30114.105
MinimumVisualStudioVersion = 10.0.40219.1
Project("{FAE04EC0-301F-11D3-BF4B-00C04F79EFBC}") = "API", "API\API.csproj", "{4417D2EA-4F77-4F2E-A1DB-5577F15179A1}"
EndProject
Project("{FAE04EC0-301F-11D3-BF4B-00C04F79EFBC}") = "Business", "Business\Business.csproj", "{F0F182B3-B532-4F38-A17A-EC9CE59820D3}"
EndProject
Project("{FAE04EC0-301F-11D3-BF4B-00C04F79EFBC}") = "Data", "Data\Data.csproj", "{1E139C42-7830-4B97-8B94-0AEB0F803913}"
EndProject
Global
	GlobalSection(SolutionConfigurationPlatforms) = preSolution
		Debug|Any CPU = Debug|Any CPU
		Debug|x64 = Debug|x64
		Debug|x86 = Debug|x86
		Release|Any CPU = Release|Any CPU
		Release|x64 = Release|x64
		Release|x86 = Release|x86
	EndGlobalSection
	GlobalSection(ProjectConfigurationPlatforms) = postSolution
		{4417D2EA-4F77-4F2E-A1DB-5577F15179A1}.Debug|Any CPU.ActiveCfg = Debug|Any CPU
		{4417D2EA-4F77-4F2E-A1DB-5577F15179A1}.Debug|Any CPU.Build.0 = Debug|Any CPU
		{4417D2EA-4F77-4F2E-A1DB-5577F15179A1}.Debug|x64.ActiveCfg = Debug|Any CPU
		{4417D2EA-4F77-4F2E-A1DB-5577F15179A1}.Debug|x64.Build.0 = Debug|Any CPU
		{4417D2EA-4F77-4F2E-A1DB-5577F15179A1}.Debug|x86.ActiveCfg = Debug|Any CPU
		{4417D2EA-4F77-4F2E-A1DB-5577F15179A1}.Debug|x86.Build.0 = Debug|Any CPU
		{4417D2EA-4F77-4F2E-A1DB-5577F15179A1}.Release|Any CPU.ActiveCfg = Release|Any CPU
		{4417D2EA-4F77-4F2E-A1DB-5577F15179A1}.Release|Any CPU.Build.0 = Release|Any CPU
		{4417D2EA-4F77-4F2E-A1DB-5577F15179A1}.Release|x64.ActiveCfg = Release|Any CPU
		{4417D2EA-4F77-4F2E-A1DB-5577F15179A1}.Release|x64.Build.0 = Release|Any CPU
		{4417D2EA-4F77-4F2E-A1DB-5577F15179A1}.Release|x86.ActiveCfg = Release|Any CPU
		{4417D2EA-4F77-4F2E-A1DB-5577F15179A1}.Release|x86.Build.0 = Release|Any CPU
		{F0F182B3-B532-4F38-A17A-EC9CE59820D3}.Debug|Any CPU.ActiveCfg = Debug|Any CPU
		{F0F182B3-B532-4F38-A17A-EC9CE59820D3}.Debug|Any CPU.Build.0 = Debug|Any CPU
		{F0F182B3-B532-4F38-A17A-EC9CE59820D3}.Debug|x64.ActiveCfg = Debug|Any CPU
		{F0F182B3-B532-4F38-A17A-EC9CE59820D3}.Debug|x64.Build.0 = Debug|Any CPU
		{F0F182B3-B532-4F38-A17A-EC9CE59820D3}.Debug|x86.ActiveCfg = Debug|Any CPU
		{F0F182B3-B532-4F38-A17A-EC9CE59820D3}.Debug|x86.Build.0 = Debug|Any CPU
		{F0F182B3-B532-4F38-A17A-EC9CE59820D3}.Release|Any CPU.ActiveCfg = Release|Any CPU
		{F0F182B3-B532-4F38-A17A-EC9CE59820D3}.Release|Any CPU.Build.0 = Release|Any CPU
		{F0F182B3-B532-4F38-A17A-EC9CE59820D3}.Release|x64.ActiveCfg = Release|Any CPU
		{F0F182B3-B532-4F38-A17A-EC9CE59820D3}.Release|x64.Build.0 = Release|Any CPU
		{F0F182B3-B532-4F38-A17A-EC9CE59820D3}.Release|x86.ActiveCfg = Release|Any CPU
		{F0F182B3-B532-4F38-A17A-EC9CE59820D3}.Release|x86.Build.0 = Release|Any CPU
		{1E139C42-7830-4B97-8B94-0AEB0F803913}.Debug|Any CPU.ActiveCfg = Debug|Any CPU
		{1E139C42-7830-4B97-8B94-0AEB0F803913}.Debug|Any CPU.Build.0 = Debug|Any CPU
		{1E139C42-7830-4B97-8B94-0AEB0F803913}.Debug|x64.ActiveCfg = Debug|Any CPU
		{1E139C42-7830-4B97-8B94-0AEB0F803913}.Debug|x64.Build.0 = Debug|Any CPU
		{1E139C42-7830-4B97-8B94-0AEB0F803913}.Debug|x86.ActiveCfg = Debug|Any CPU
		{1E139C42-7830-4B97-8B94-0AEB0F803913}.Debug|x86.Build.0 = Debug|Any CPU
		{1E139C42-7830-4B97-8B94-0AEB0F803913}.Release|Any CPU.ActiveCfg = Release|Any CPU
		{1E139C42-7830-4B97-8B94-0AEB0F803913}.Release|Any CPU.Build.0 = Release|Any CPU
		{1E139C42-7830-4B97-8B94-0AEB0F803913}.Release|x64.ActiveCfg = Release|Any CPU
		{1E139C42-7830-4B97-8B94-0AEB0F803913}.Release|x64.Build.0 = Release|Any CPU
		{1E139C42-7830-4B97-8B94-0AEB0F803913}.Release|x86.ActiveCfg = Release|Any CPU
		{1E139C42-7830-4B97-8B94-0AEB0F803913}.Release|x86.Build.0 = Release|Any CPU
	EndGlobalSection
	GlobalSection(SolutionProperties) = preSolution
		HideSolutionNode = FALSE
	EndGlobalSection
	GlobalSection(ExtensibilityGlobals) = postSolution
		SolutionGuid = {A34A5753-6AA6-447B-B1B2-6CC8EAD5482E}
	EndGlobalSection
EndGlobal
